// !$*UTF8*$!
{
	archiveVersion = 1;
	classes = {
	};
	objectVersion = 50;
	objects = {

/* Begin PBXBuildFile section */
		C2E893452486989F00105078 /* AppDelegate.swift in Sources */ = {isa = PBXBuildFile; fileRef = C2E893442486989F00105078 /* AppDelegate.swift */; };
		C2E893472486989F00105078 /* SceneDelegate.swift in Sources */ = {isa = PBXBuildFile; fileRef = C2E893462486989F00105078 /* SceneDelegate.swift */; };
		C2E8934A2486989F00105078 /* WineTimeCoreData.xcdatamodeld in Sources */ = {isa = PBXBuildFile; fileRef = C2E893482486989F00105078 /* WineTimeCoreData.xcdatamodeld */; };
		C2E8934C2486989F00105078 /* ContentView.swift in Sources */ = {isa = PBXBuildFile; fileRef = C2E8934B2486989F00105078 /* ContentView.swift */; };
		C2E8934E248698A300105078 /* Assets.xcassets in Resources */ = {isa = PBXBuildFile; fileRef = C2E8934D248698A300105078 /* Assets.xcassets */; };
		C2E89351248698A300105078 /* Preview Assets.xcassets in Resources */ = {isa = PBXBuildFile; fileRef = C2E89350248698A300105078 /* Preview Assets.xcassets */; };
		C2E89354248698A300105078 /* LaunchScreen.storyboard in Resources */ = {isa = PBXBuildFile; fileRef = C2E89352248698A300105078 /* LaunchScreen.storyboard */; };
/* End PBXBuildFile section */

/* Begin PBXFileReference section */
		C2E893412486989F00105078 /* WineTimeCoreData.app */ = {isa = PBXFileReference; explicitFileType = wrapper.application; includeInIndex = 0; path = WineTimeCoreData.app; sourceTree = BUILT_PRODUCTS_DIR; };
		C2E893442486989F00105078 /* AppDelegate.swift */ = {isa = PBXFileReference; lastKnownFileType = sourcecode.swift; path = AppDelegate.swift; sourceTree = "<group>"; };
		C2E893462486989F00105078 /* SceneDelegate.swift */ = {isa = PBXFileReference; lastKnownFileType = sourcecode.swift; path = SceneDelegate.swift; sourceTree = "<group>"; };
		C2E893492486989F00105078 /* WineTimeCoreData.xcdatamodel */ = {isa = PBXFileReference; lastKnownFileType = wrapper.xcdatamodel; path = WineTimeCoreData.xcdatamodel; sourceTree = "<group>"; };
		C2E8934B2486989F00105078 /* ContentView.swift */ = {isa = PBXFileReference; lastKnownFileType = sourcecode.swift; path = ContentView.swift; sourceTree = "<group>"; };
		C2E8934D248698A300105078 /* Assets.xcassets */ = {isa = PBXFileReference; lastKnownFileType = folder.assetcatalog; path = Assets.xcassets; sourceTree = "<group>"; };
		C2E89350248698A300105078 /* Preview Assets.xcassets */ = {isa = PBXFileReference; lastKnownFileType = folder.assetcatalog; path = "Preview Assets.xcassets"; sourceTree = "<group>"; };
		C2E89353248698A300105078 /* Base */ = {isa = PBXFileReference; lastKnownFileType = file.storyboard; name = Base; path = Base.lproj/LaunchScreen.storyboard; sourceTree = "<group>"; };
		C2E89355248698A300105078 /* Info.plist */ = {isa = PBXFileReference; lastKnownFileType = text.plist.xml; path = Info.plist; sourceTree = "<group>"; };
/* End PBXFileReference section */

/* Begin PBXFrameworksBuildPhase section */
		C2E8933E2486989F00105078 /* Frameworks */ = {
			isa = PBXFrameworksBuildPhase;
			buildActionMask = 2147483647;
			files = (
			);
			runOnlyForDeploymentPostprocessing = 0;
		};
/* End PBXFrameworksBuildPhase section */

/* Begin PBXGroup section */
		C2E893382486989F00105078 = {
			isa = PBXGroup;
			children = (
				C2E893432486989F00105078 /* WineTimeCoreData */,
				C2E893422486989F00105078 /* Products */,
			);
			sourceTree = "<group>";
		};
		C2E893422486989F00105078 /* Products */ = {
			isa = PBXGroup;
			children = (
				C2E893412486989F00105078 /* WineTimeCoreData.app */,
			);
			name = Products;
			sourceTree = "<group>";
		};
		C2E893432486989F00105078 /* WineTimeCoreData */ = {
			isa = PBXGroup;
			children = (
				C2E893442486989F00105078 /* AppDelegate.swift */,
				C2E893462486989F00105078 /* SceneDelegate.swift */,
				C2E8934B2486989F00105078 /* ContentView.swift */,
				C2E8934D248698A300105078 /* Assets.xcassets */,
				C2E89352248698A300105078 /* LaunchScreen.storyboard */,
				C2E89355248698A300105078 /* Info.plist */,
				C2E893482486989F00105078 /* WineTimeCoreData.xcdatamodeld */,
				C2E8934F248698A300105078 /* Preview Content */,
			);
			path = WineTimeCoreData;
			sourceTree = "<group>";
		};
		C2E8934F248698A300105078 /* Preview Content */ = {
			isa = PBXGroup;
			children = (
				C2E89350248698A300105078 /* Preview Assets.xcassets */,
			);
			path = "Preview Content";
			sourceTree = "<group>";
		};
/* End PBXGroup section */

/* Begin PBXNativeTarget section */
		C2E893402486989F00105078 /* WineTimeCoreData */ = {
			isa = PBXNativeTarget;
			buildConfigurationList = C2E89358248698A300105078 /* Build configuration list for PBXNativeTarget "WineTimeCoreData" */;
			buildPhases = (
				C2E8933D2486989F00105078 /* Sources */,
				C2E8933E2486989F00105078 /* Frameworks */,
				C2E8933F2486989F00105078 /* Resources */,
			);
			buildRules = (
			);
			dependencies = (
			);
			name = WineTimeCoreData;
			productName = WineTimeCoreData;
			productReference = C2E893412486989F00105078 /* WineTimeCoreData.app */;
			productType = "com.apple.product-type.application";
		};
/* End PBXNativeTarget section */

/* Begin PBXProject section */
		C2E893392486989F00105078 /* Project object */ = {
			isa = PBXProject;
			attributes = {
				LastSwiftUpdateCheck = 1140;
				LastUpgradeCheck = 1140;
				ORGANIZATIONNAME = "Vanessa Bergen";
				TargetAttributes = {
					C2E893402486989F00105078 = {
						CreatedOnToolsVersion = 11.4.1;
					};
				};
			};
			buildConfigurationList = C2E8933C2486989F00105078 /* Build configuration list for PBXProject "WineTimeCoreData" */;
			compatibilityVersion = "Xcode 9.3";
			developmentRegion = en;
			hasScannedForEncodings = 0;
			knownRegions = (
				en,
				Base,
			);
			mainGroup = C2E893382486989F00105078;
			productRefGroup = C2E893422486989F00105078 /* Products */;
			projectDirPath = "";
			projectRoot = "";
			targets = (
				C2E893402486989F00105078 /* WineTimeCoreData */,
			);
		};
/* End PBXProject section */

/* Begin PBXResourcesBuildPhase section */
		C2E8933F2486989F00105078 /* Resources */ = {
			isa = PBXResourcesBuildPhase;
			buildActionMask = 2147483647;
			files = (
				C2E89354248698A300105078 /* LaunchScreen.storyboard in Resources */,
				C2E89351248698A300105078 /* Preview Assets.xcassets in Resources */,
				C2E8934E248698A300105078 /* Assets.xcassets in Resources */,
			);
			runOnlyForDeploymentPostprocessing = 0;
		};
/* End PBXResourcesBuildPhase section */

/* Begin PBXSourcesBuildPhase section */
		C2E8933D2486989F00105078 /* Sources */ = {
			isa = PBXSourcesBuildPhase;
			buildActionMask = 2147483647;
			files = (
				C2E893452486989F00105078 /* AppDelegate.swift in Sources */,
				C2E893472486989F00105078 /* SceneDelegate.swift in Sources */,
				C2E8934C2486989F00105078 /* ContentView.swift in Sources */,
				C2E8934A2486989F00105078 /* WineTimeCoreData.xcdatamodeld in Sources */,
			);
			runOnlyForDeploymentPostprocessing = 0;
		};
/* End PBXSourcesBuildPhase section */

/* Begin PBXVariantGroup section */
		C2E89352248698A300105078 /* LaunchScreen.storyboard */ = {
			isa = PBXVariantGroup;
			children = (
				C2E89353248698A300105078 /* Base */,
			);
			name = LaunchScreen.storyboard;
			sourceTree = "<group>";
		};
/* End PBXVariantGroup section */

/* Begin XCBuildConfiguration section */
		C2E89356248698A300105078 /* Debug */ = {
			isa = XCBuildConfiguration;
			buildSettings = {
				ALWAYS_SEARCH_USER_PATHS = NO;
				CLANG_ANALYZER_NONNULL = YES;
				CLANG_ANALYZER_NUMBER_OBJECT_CONVERSION = YES_AGGRESSIVE;
				CLANG_CXX_LANGUAGE_STANDARD = "gnu++14";
				CLANG_CXX_LIBRARY = "libc++";
				CLANG_ENABLE_MODULES = YES;
				CLANG_ENABLE_OBJC_ARC = YES;
				CLANG_ENABLE_OBJC_WEAK = YES;
				CLANG_WARN_BLOCK_CAPTURE_AUTORELEASING = YES;
				CLANG_WARN_BOOL_CONVERSION = YES;
				CLANG_WARN_COMMA = YES;
				CLANG_WARN_CONSTANT_CONVERSION = YES;
				CLANG_WARN_DEPRECATED_OBJC_IMPLEMENTATIONS = YES;
				CLANG_WARN_DIRECT_OBJC_ISA_USAGE = YES_ERROR;
				CLANG_WARN_DOCUMENTATION_COMMENTS = YES;
				CLANG_WARN_EMPTY_BODY = YES;
				CLANG_WARN_ENUM_CONVERSION = YES;
				CLANG_WARN_INFINITE_RECURSION = YES;
				CLANG_WARN_INT_CONVERSION = YES;
				CLANG_WARN_NON_LITERAL_NULL_CONVERSION = YES;
				CLANG_WARN_OBJC_IMPLICIT_RETAIN_SELF = YES;
				CLANG_WARN_OBJC_LITERAL_CONVERSION = YES;
				CLANG_WARN_OBJC_ROOT_CLASS = YES_ERROR;
				CLANG_WARN_RANGE_LOOP_ANALYSIS = YES;
				CLANG_WARN_STRICT_PROTOTYPES = YES;
				CLANG_WARN_SUSPICIOUS_MOVE = YES;
				CLANG_WARN_UNGUARDED_AVAILABILITY = YES_AGGRESSIVE;
				CLANG_WARN_UNREACHABLE_CODE = YES;
				CLANG_WARN__DUPLICATE_METHOD_MATCH = YES;
				COPY_PHASE_STRIP = NO;
				DEBUG_INFORMATION_FORMAT = dwarf;
				ENABLE_STRICT_OBJC_MSGSEND = YES;
				ENABLE_TESTABILITY = YES;
				GCC_C_LANGUAGE_STANDARD = gnu11;
				GCC_DYNAMIC_NO_PIC = NO;
				GCC_NO_COMMON_BLOCKS = YES;
				GCC_OPTIMIZATION_LEVEL = 0;
				GCC_PREPROCESSOR_DEFINITIONS = (
					"DEBUG=1",
					"$(inherited)",
				);
				GCC_WARN_64_TO_32_BIT_CONVERSION = YES;
				GCC_WARN_ABOUT_RETURN_TYPE = YES_ERROR;
				GCC_WARN_UNDECLARED_SELECTOR = YES;
				GCC_WARN_UNINITIALIZED_AUTOS = YES_AGGRESSIVE;
				GCC_WARN_UNUSED_FUNCTION = YES;
				GCC_WARN_UNUSED_VARIABLE = YES;
				IPHONEOS_DEPLOYMENT_TARGET = 13.4;
				MTL_ENABLE_DEBUG_INFO = INCLUDE_SOURCE;
				MTL_FAST_MATH = YES;
				ONLY_ACTIVE_ARCH = YES;
				SDKROOT = iphoneos;
				SWIFT_ACTIVE_COMPILATION_CONDITIONS = DEBUG;
				SWIFT_OPTIMIZATION_LEVEL = "-Onone";
			};
			name = Debug;
		};
		C2E89357248698A300105078 /* Release */ = {
			isa = XCBuildConfiguration;
			buildSettings = {
				ALWAYS_SEARCH_USER_PATHS = NO;
				CLANG_ANALYZER_NONNULL = YES;
				CLANG_ANALYZER_NUMBER_OBJECT_CONVERSION = YES_AGGRESSIVE;
				CLANG_CXX_LANGUAGE_STANDARD = "gnu++14";
				CLANG_CXX_LIBRARY = "libc++";
				CLANG_ENABLE_MODULES = YES;
				CLANG_ENABLE_OBJC_ARC = YES;
				CLANG_ENABLE_OBJC_WEAK = YES;
				CLANG_WARN_BLOCK_CAPTURE_AUTORELEASING = YES;
				CLANG_WARN_BOOL_CONVERSION = YES;
				CLANG_WARN_COMMA = YES;
				CLANG_WARN_CONSTANT_CONVERSION = YES;
				CLANG_WARN_DEPRECATED_OBJC_IMPLEMENTATIONS = YES;
				CLANG_WARN_DIRECT_OBJC_ISA_USAGE = YES_ERROR;
				CLANG_WARN_DOCUMENTATION_COMMENTS = YES;
				CLANG_WARN_EMPTY_BODY = YES;
				CLANG_WARN_ENUM_CONVERSION = YES;
				CLANG_WARN_INFINITE_RECURSION = YES;
				CLANG_WARN_INT_CONVERSION = YES;
				CLANG_WARN_NON_LITERAL_NULL_CONVERSION = YES;
				CLANG_WARN_OBJC_IMPLICIT_RETAIN_SELF = YES;
				CLANG_WARN_OBJC_LITERAL_CONVERSION = YES;
				CLANG_WARN_OBJC_ROOT_CLASS = YES_ERROR;
				CLANG_WARN_RANGE_LOOP_ANALYSIS = YES;
				CLANG_WARN_STRICT_PROTOTYPES = YES;
				CLANG_WARN_SUSPICIOUS_MOVE = YES;
				CLANG_WARN_UNGUARDED_AVAILABILITY = YES_AGGRESSIVE;
				CLANG_WARN_UNREACHABLE_CODE = YES;
				CLANG_WARN__DUPLICATE_METHOD_MATCH = YES;
				COPY_PHASE_STRIP = NO;
				DEBUG_INFORMATION_FORMAT = "dwarf-with-dsym";
				ENABLE_NS_ASSERTIONS = NO;
				ENABLE_STRICT_OBJC_MSGSEND = YES;
				GCC_C_LANGUAGE_STANDARD = gnu11;
				GCC_NO_COMMON_BLOCKS = YES;
				GCC_WARN_64_TO_32_BIT_CONVERSION = YES;
				GCC_WARN_ABOUT_RETURN_TYPE = YES_ERROR;
				GCC_WARN_UNDECLARED_SELECTOR = YES;
				GCC_WARN_UNINITIALIZED_AUTOS = YES_AGGRESSIVE;
				GCC_WARN_UNUSED_FUNCTION = YES;
				GCC_WARN_UNUSED_VARIABLE = YES;
				IPHONEOS_DEPLOYMENT_TARGET = 13.4;
				MTL_ENABLE_DEBUG_INFO = NO;
				MTL_FAST_MATH = YES;
				SDKROOT = iphoneos;
				SWIFT_COMPILATION_MODE = wholemodule;
				SWIFT_OPTIMIZATION_LEVEL = "-O";
				VALIDATE_PRODUCT = YES;
			};
			name = Release;
		};
		C2E89359248698A300105078 /* Debug */ = {
			isa = XCBuildConfiguration;
			buildSettings = {
				ASSETCATALOG_COMPILER_APPICON_NAME = AppIcon;
				CODE_SIGN_STYLE = Automatic;
				DEVELOPMENT_ASSET_PATHS = "\"WineTimeCoreData/Preview Content\"";
				DEVELOPMENT_TEAM = DC5B64GRS6;
				ENABLE_PREVIEWS = YES;
				INFOPLIST_FILE = WineTimeCoreData/Info.plist;
				LD_RUNPATH_SEARCH_PATHS = (
					"$(inherited)",
					"@executable_path/Frameworks",
				);
				PRODUCT_BUNDLE_IDENTIFIER = com.vanessa.WineTimeCoreData;
				PRODUCT_NAME = "$(TARGET_NAME)";
				SWIFT_VERSION = 5.0;
				TARGETED_DEVICE_FAMILY = "1,2";
			};
			name = Debug;
		};
		C2E8935A248698A300105078 /* Release */ = {
			isa = XCBuildConfiguration;
			buildSettings = {
				ASSETCATALOG_COMPILER_APPICON_NAME = AppIcon;
				CODE_SIGN_STYLE = Automatic;
				DEVELOPMENT_ASSET_PATHS = "\"WineTimeCoreData/Preview Content\"";
				DEVELOPMENT_TEAM = DC5B64GRS6;
				ENABLE_PREVIEWS = YES;
				INFOPLIST_FILE = WineTimeCoreData/Info.plist;
				LD_RUNPATH_SEARCH_PATHS = (
					"$(inherited)",
					"@executable_path/Frameworks",
				);
				PRODUCT_BUNDLE_IDENTIFIER = com.vanessa.WineTimeCoreData;
				PRODUCT_NAME = "$(TARGET_NAME)";
				SWIFT_VERSION = 5.0;
				TARGETED_DEVICE_FAMILY = "1,2";
			};
			name = Release;
		};
/* End XCBuildConfiguration section */

/* Begin XCConfigurationList section */
		C2E8933C2486989F00105078 /* Build configuration list for PBXProject "WineTimeCoreData" */ = {
			isa = XCConfigurationList;
			buildConfigurations = (
				C2E89356248698A300105078 /* Debug */,
				C2E89357248698A300105078 /* Release */,
			);
			defaultConfigurationIsVisible = 0;
			defaultConfigurationName = Release;
		};
		C2E89358248698A300105078 /* Build configuration list for PBXNativeTarget "WineTimeCoreData" */ = {
			isa = XCConfigurationList;
			buildConfigurations = (
				C2E89359248698A300105078 /* Debug */,
				C2E8935A248698A300105078 /* Release */,
			);
			defaultConfigurationIsVisible = 0;
			defaultConfigurationName = Release;
		};
/* End XCConfigurationList section */

/* Begin XCVersionGroup section */
		C2E893482486989F00105078 /* WineTimeCoreData.xcdatamodeld */ = {
			isa = XCVersionGroup;
			children = (
				C2E893492486989F00105078 /* WineTimeCoreData.xcdatamodel */,
			);
			currentVersion = C2E893492486989F00105078 /* WineTimeCoreData.xcdatamodel */;
			path = WineTimeCoreData.xcdatamodeld;
			sourceTree = "<group>";
			versionGroupType = wrapper.xcdatamodel;
		};
/* End XCVersionGroup section */
	};
	rootObject = C2E893392486989F00105078 /* Project object */;
}
